// !$*UTF8*$!
{
	archiveVersion = 1;
	classes = {
	};
	objectVersion = 48;
	objects = {

/* Begin PBXBuildFile section */
		02CFACC2CA66E6F533298324 /* Pods_FoodTracker.framework in Frameworks */ = {isa = PBXBuildFile; fileRef = 433692761A567EBE1713D334 /* Pods_FoodTracker.framework */; };
		A0F314061FCBD1B600EA83D8 /* AppDelegate.swift in Sources */ = {isa = PBXBuildFile; fileRef = A0F314051FCBD1B600EA83D8 /* AppDelegate.swift */; };
		A0F314081FCBD1B600EA83D8 /* ViewController.swift in Sources */ = {isa = PBXBuildFile; fileRef = A0F314071FCBD1B600EA83D8 /* ViewController.swift */; };
		A0F3140B1FCBD1B600EA83D8 /* Main.storyboard in Resources */ = {isa = PBXBuildFile; fileRef = A0F314091FCBD1B600EA83D8 /* Main.storyboard */; };
		A0F3140D1FCBD1B600EA83D8 /* Assets.xcassets in Resources */ = {isa = PBXBuildFile; fileRef = A0F3140C1FCBD1B600EA83D8 /* Assets.xcassets */; };
		A0F314101FCBD1B600EA83D8 /* LaunchScreen.storyboard in Resources */ = {isa = PBXBuildFile; fileRef = A0F3140E1FCBD1B600EA83D8 /* LaunchScreen.storyboard */; };
		A0F3141B1FCBD1B600EA83D8 /* FoodTrackerTests.swift in Sources */ = {isa = PBXBuildFile; fileRef = A0F3141A1FCBD1B600EA83D8 /* FoodTrackerTests.swift */; };
		A0F314261FCBD1B600EA83D8 /* FoodTrackerUITests.swift in Sources */ = {isa = PBXBuildFile; fileRef = A0F314251FCBD1B600EA83D8 /* FoodTrackerUITests.swift */; };
/* End PBXBuildFile section */

/* Begin PBXContainerItemProxy section */
		A0F314171FCBD1B600EA83D8 /* PBXContainerItemProxy */ = {
			isa = PBXContainerItemProxy;
			containerPortal = A0F313FA1FCBD1B600EA83D8 /* Project object */;
			proxyType = 1;
			remoteGlobalIDString = A0F314011FCBD1B600EA83D8;
			remoteInfo = FoodTracker;
		};
		A0F314221FCBD1B600EA83D8 /* PBXContainerItemProxy */ = {
			isa = PBXContainerItemProxy;
			containerPortal = A0F313FA1FCBD1B600EA83D8 /* Project object */;
			proxyType = 1;
			remoteGlobalIDString = A0F314011FCBD1B600EA83D8;
			remoteInfo = FoodTracker;
		};
/* End PBXContainerItemProxy section */

/* Begin PBXFileReference section */
		10F57016E4851688938A3BD6 /* Pods-FoodTracker.release.xcconfig */ = {isa = PBXFileReference; includeInIndex = 1; lastKnownFileType = text.xcconfig; name = "Pods-FoodTracker.release.xcconfig"; path = "Pods/Target Support Files/Pods-FoodTracker/Pods-FoodTracker.release.xcconfig"; sourceTree = "<group>"; };
		433692761A567EBE1713D334 /* Pods_FoodTracker.framework */ = {isa = PBXFileReference; explicitFileType = wrapper.framework; includeInIndex = 0; path = Pods_FoodTracker.framework; sourceTree = BUILT_PRODUCTS_DIR; };
		A0F314021FCBD1B600EA83D8 /* FoodTracker.app */ = {isa = PBXFileReference; explicitFileType = wrapper.application; includeInIndex = 0; path = FoodTracker.app; sourceTree = BUILT_PRODUCTS_DIR; };
		A0F314051FCBD1B600EA83D8 /* AppDelegate.swift */ = {isa = PBXFileReference; lastKnownFileType = sourcecode.swift; path = AppDelegate.swift; sourceTree = "<group>"; };
		A0F314071FCBD1B600EA83D8 /* ViewController.swift */ = {isa = PBXFileReference; lastKnownFileType = sourcecode.swift; path = ViewController.swift; sourceTree = "<group>"; };
		A0F3140A1FCBD1B600EA83D8 /* Base */ = {isa = PBXFileReference; lastKnownFileType = file.storyboard; name = Base; path = Base.lproj/Main.storyboard; sourceTree = "<group>"; };
		A0F3140C1FCBD1B600EA83D8 /* Assets.xcassets */ = {isa = PBXFileReference; lastKnownFileType = folder.assetcatalog; path = Assets.xcassets; sourceTree = "<group>"; };
		A0F3140F1FCBD1B600EA83D8 /* Base */ = {isa = PBXFileReference; lastKnownFileType = file.storyboard; name = Base; path = Base.lproj/LaunchScreen.storyboard; sourceTree = "<group>"; };
		A0F314111FCBD1B600EA83D8 /* Info.plist */ = {isa = PBXFileReference; lastKnownFileType = text.plist.xml; path = Info.plist; sourceTree = "<group>"; };
		A0F314161FCBD1B600EA83D8 /* FoodTrackerTests.xctest */ = {isa = PBXFileReference; explicitFileType = wrapper.cfbundle; includeInIndex = 0; path = FoodTrackerTests.xctest; sourceTree = BUILT_PRODUCTS_DIR; };
		A0F3141A1FCBD1B600EA83D8 /* FoodTrackerTests.swift */ = {isa = PBXFileReference; lastKnownFileType = sourcecode.swift; path = FoodTrackerTests.swift; sourceTree = "<group>"; };
		A0F3141C1FCBD1B600EA83D8 /* Info.plist */ = {isa = PBXFileReference; lastKnownFileType = text.plist.xml; path = Info.plist; sourceTree = "<group>"; };
		A0F314211FCBD1B600EA83D8 /* FoodTrackerUITests.xctest */ = {isa = PBXFileReference; explicitFileType = wrapper.cfbundle; includeInIndex = 0; path = FoodTrackerUITests.xctest; sourceTree = BUILT_PRODUCTS_DIR; };
		A0F314251FCBD1B600EA83D8 /* FoodTrackerUITests.swift */ = {isa = PBXFileReference; lastKnownFileType = sourcecode.swift; path = FoodTrackerUITests.swift; sourceTree = "<group>"; };
		A0F314271FCBD1B600EA83D8 /* Info.plist */ = {isa = PBXFileReference; lastKnownFileType = text.plist.xml; path = Info.plist; sourceTree = "<group>"; };
		C06599431CE07C09833F2770 /* Pods_FoodTrackerTests.framework */ = {isa = PBXFileReference; explicitFileType = wrapper.framework; includeInIndex = 0; path = Pods_FoodTrackerTests.framework; sourceTree = BUILT_PRODUCTS_DIR; };
		F1BD2B44EA0956F9D4DD4208 /* Pods_FoodTrackerUITests.framework */ = {isa = PBXFileReference; explicitFileType = wrapper.framework; includeInIndex = 0; path = Pods_FoodTrackerUITests.framework; sourceTree = BUILT_PRODUCTS_DIR; };
		FACDDC14EA2998F351FB9C11 /* Pods-FoodTracker.debug.xcconfig */ = {isa = PBXFileReference; includeInIndex = 1; lastKnownFileType = text.xcconfig; name = "Pods-FoodTracker.debug.xcconfig"; path = "Pods/Target Support Files/Pods-FoodTracker/Pods-FoodTracker.debug.xcconfig"; sourceTree = "<group>"; };
/* End PBXFileReference section */

/* Begin PBXFrameworksBuildPhase section */
		A0F313FF1FCBD1B600EA83D8 /* Frameworks */ = {
			isa = PBXFrameworksBuildPhase;
			buildActionMask = 2147483647;
			files = (
				02CFACC2CA66E6F533298324 /* Pods_FoodTracker.framework in Frameworks */,
			);
			runOnlyForDeploymentPostprocessing = 0;
		};
		A0F314131FCBD1B600EA83D8 /* Frameworks */ = {
			isa = PBXFrameworksBuildPhase;
			buildActionMask = 2147483647;
			files = (
			);
			runOnlyForDeploymentPostprocessing = 0;
		};
		A0F3141E1FCBD1B600EA83D8 /* Frameworks */ = {
			isa = PBXFrameworksBuildPhase;
			buildActionMask = 2147483647;
			files = (
			);
			runOnlyForDeploymentPostprocessing = 0;
		};
/* End PBXFrameworksBuildPhase section */

/* Begin PBXGroup section */
		583D18A4580451EEC164639F /* Pods */ = {
			isa = PBXGroup;
			children = (
				FACDDC14EA2998F351FB9C11 /* Pods-FoodTracker.debug.xcconfig */,
				10F57016E4851688938A3BD6 /* Pods-FoodTracker.release.xcconfig */,
			);
			name = Pods;
			sourceTree = "<group>";
		};
		A0F313F91FCBD1B600EA83D8 = {
			isa = PBXGroup;
			children = (
				A0F314041FCBD1B600EA83D8 /* FoodTracker */,
				A0F314191FCBD1B600EA83D8 /* FoodTrackerTests */,
				A0F314241FCBD1B600EA83D8 /* FoodTrackerUITests */,
				A0F314031FCBD1B600EA83D8 /* Products */,
				583D18A4580451EEC164639F /* Pods */,
				C7CA083C4804D6132A026067 /* Frameworks */,
			);
			sourceTree = "<group>";
		};
		A0F314031FCBD1B600EA83D8 /* Products */ = {
			isa = PBXGroup;
			children = (
				A0F314021FCBD1B600EA83D8 /* FoodTracker.app */,
				A0F314161FCBD1B600EA83D8 /* FoodTrackerTests.xctest */,
				A0F314211FCBD1B600EA83D8 /* FoodTrackerUITests.xctest */,
			);
			name = Products;
			sourceTree = "<group>";
		};
		A0F314041FCBD1B600EA83D8 /* FoodTracker */ = {
			isa = PBXGroup;
			children = (
				A0F314051FCBD1B600EA83D8 /* AppDelegate.swift */,
				A0F314071FCBD1B600EA83D8 /* ViewController.swift */,
				A0F314091FCBD1B600EA83D8 /* Main.storyboard */,
				A0F3140C1FCBD1B600EA83D8 /* Assets.xcassets */,
				A0F3140E1FCBD1B600EA83D8 /* LaunchScreen.storyboard */,
				A0F314111FCBD1B600EA83D8 /* Info.plist */,
			);
			path = FoodTracker;
			sourceTree = "<group>";
		};
		A0F314191FCBD1B600EA83D8 /* FoodTrackerTests */ = {
			isa = PBXGroup;
			children = (
				A0F3141A1FCBD1B600EA83D8 /* FoodTrackerTests.swift */,
				A0F3141C1FCBD1B600EA83D8 /* Info.plist */,
			);
			path = FoodTrackerTests;
			sourceTree = "<group>";
		};
		A0F314241FCBD1B600EA83D8 /* FoodTrackerUITests */ = {
			isa = PBXGroup;
			children = (
				A0F314251FCBD1B600EA83D8 /* FoodTrackerUITests.swift */,
				A0F314271FCBD1B600EA83D8 /* Info.plist */,
			);
			path = FoodTrackerUITests;
			sourceTree = "<group>";
		};
		C7CA083C4804D6132A026067 /* Frameworks */ = {
			isa = PBXGroup;
			children = (
				433692761A567EBE1713D334 /* Pods_FoodTracker.framework */,
				C06599431CE07C09833F2770 /* Pods_FoodTrackerTests.framework */,
				F1BD2B44EA0956F9D4DD4208 /* Pods_FoodTrackerUITests.framework */,
			);
			name = Frameworks;
			sourceTree = "<group>";
		};
/* End PBXGroup section */

/* Begin PBXNativeTarget section */
		A0F314011FCBD1B600EA83D8 /* FoodTracker */ = {
			isa = PBXNativeTarget;
			buildConfigurationList = A0F3142A1FCBD1B600EA83D8 /* Build configuration list for PBXNativeTarget "FoodTracker" */;
			buildPhases = (
				4C9DD49E3D307592F1A60B9D /* [CP] Check Pods Manifest.lock */,
				A0F313FE1FCBD1B600EA83D8 /* Sources */,
				A0F313FF1FCBD1B600EA83D8 /* Frameworks */,
				A0F314001FCBD1B600EA83D8 /* Resources */,
				2AD43AD47A9370C09D85B39C /* [CP] Embed Pods Frameworks */,
				08868A47922708673282BA06 /* [CP] Copy Pods Resources */,
			);
			buildRules = (
			);
			dependencies = (
			);
			name = FoodTracker;
			productName = FoodTracker;
			productReference = A0F314021FCBD1B600EA83D8 /* FoodTracker.app */;
			productType = "com.apple.product-type.application";
		};
		A0F314151FCBD1B600EA83D8 /* FoodTrackerTests */ = {
			isa = PBXNativeTarget;
			buildConfigurationList = A0F3142D1FCBD1B600EA83D8 /* Build configuration list for PBXNativeTarget "FoodTrackerTests" */;
			buildPhases = (
				A0F314121FCBD1B600EA83D8 /* Sources */,
				A0F314131FCBD1B600EA83D8 /* Frameworks */,
				A0F314141FCBD1B600EA83D8 /* Resources */,
			);
			buildRules = (
			);
			dependencies = (
				A0F314181FCBD1B600EA83D8 /* PBXTargetDependency */,
			);
			name = FoodTrackerTests;
			productName = FoodTrackerTests;
			productReference = A0F314161FCBD1B600EA83D8 /* FoodTrackerTests.xctest */;
			productType = "com.apple.product-type.bundle.unit-test";
		};
		A0F314201FCBD1B600EA83D8 /* FoodTrackerUITests */ = {
			isa = PBXNativeTarget;
			buildConfigurationList = A0F314301FCBD1B600EA83D8 /* Build configuration list for PBXNativeTarget "FoodTrackerUITests" */;
			buildPhases = (
				A0F3141D1FCBD1B600EA83D8 /* Sources */,
				A0F3141E1FCBD1B600EA83D8 /* Frameworks */,
				A0F3141F1FCBD1B600EA83D8 /* Resources */,
			);
			buildRules = (
			);
			dependencies = (
				A0F314231FCBD1B600EA83D8 /* PBXTargetDependency */,
			);
			name = FoodTrackerUITests;
			productName = FoodTrackerUITests;
			productReference = A0F314211FCBD1B600EA83D8 /* FoodTrackerUITests.xctest */;
			productType = "com.apple.product-type.bundle.ui-testing";
		};
/* End PBXNativeTarget section */

/* Begin PBXProject section */
		A0F313FA1FCBD1B600EA83D8 /* Project object */ = {
			isa = PBXProject;
			attributes = {
				LastSwiftUpdateCheck = 0910;
				LastUpgradeCheck = 0910;
				ORGANIZATIONNAME = "Jiabin Zhu";
				TargetAttributes = {
					A0F314011FCBD1B600EA83D8 = {
						CreatedOnToolsVersion = 9.1;
						ProvisioningStyle = Automatic;
					};
					A0F314151FCBD1B600EA83D8 = {
						CreatedOnToolsVersion = 9.1;
						ProvisioningStyle = Automatic;
						TestTargetID = A0F314011FCBD1B600EA83D8;
					};
					A0F314201FCBD1B600EA83D8 = {
						CreatedOnToolsVersion = 9.1;
						ProvisioningStyle = Automatic;
						TestTargetID = A0F314011FCBD1B600EA83D8;
					};
				};
			};
			buildConfigurationList = A0F313FD1FCBD1B600EA83D8 /* Build configuration list for PBXProject "FoodTracker" */;
			compatibilityVersion = "Xcode 8.0";
			developmentRegion = en;
			hasScannedForEncodings = 0;
			knownRegions = (
				en,
				Base,
			);
			mainGroup = A0F313F91FCBD1B600EA83D8;
			productRefGroup = A0F314031FCBD1B600EA83D8 /* Products */;
			projectDirPath = "";
			projectRoot = "";
			targets = (
				A0F314011FCBD1B600EA83D8 /* FoodTracker */,
				A0F314151FCBD1B600EA83D8 /* FoodTrackerTests */,
				A0F314201FCBD1B600EA83D8 /* FoodTrackerUITests */,
			);
		};
/* End PBXProject section */

/* Begin PBXResourcesBuildPhase section */
		A0F314001FCBD1B600EA83D8 /* Resources */ = {
			isa = PBXResourcesBuildPhase;
			buildActionMask = 2147483647;
			files = (
				A0F314101FCBD1B600EA83D8 /* LaunchScreen.storyboard in Resources */,
				A0F3140D1FCBD1B600EA83D8 /* Assets.xcassets in Resources */,
				A0F3140B1FCBD1B600EA83D8 /* Main.storyboard in Resources */,
			);
			runOnlyForDeploymentPostprocessing = 0;
		};
		A0F314141FCBD1B600EA83D8 /* Resources */ = {
			isa = PBXResourcesBuildPhase;
			buildActionMask = 2147483647;
			files = (
			);
			runOnlyForDeploymentPostprocessing = 0;
		};
		A0F3141F1FCBD1B600EA83D8 /* Resources */ = {
			isa = PBXResourcesBuildPhase;
			buildActionMask = 2147483647;
			files = (
			);
			runOnlyForDeploymentPostprocessing = 0;
		};
/* End PBXResourcesBuildPhase section */

/* Begin PBXShellScriptBuildPhase section */
		08868A47922708673282BA06 /* [CP] Copy Pods Resources */ = {
			isa = PBXShellScriptBuildPhase;
			buildActionMask = 2147483647;
			files = (
			);
			inputPaths = (
			);
			name = "[CP] Copy Pods Resources";
			outputPaths = (
			);
			runOnlyForDeploymentPostprocessing = 0;
			shellPath = /bin/sh;
			shellScript = "\"${SRCROOT}/Pods/Target Support Files/Pods-FoodTracker/Pods-FoodTracker-resources.sh\"\n";
			showEnvVarsInLog = 0;
		};
		2AD43AD47A9370C09D85B39C /* [CP] Embed Pods Frameworks */ = {
			isa = PBXShellScriptBuildPhase;
			buildActionMask = 2147483647;
			files = (
			);
			inputPaths = (
				"${SRCROOT}/Pods/Target Support Files/Pods-FoodTracker/Pods-FoodTracker-frameworks.sh",
				"${BUILT_PRODUCTS_DIR}/Surge/Surge.framework",
			);
			name = "[CP] Embed Pods Frameworks";
			outputPaths = (
				"${TARGET_BUILD_DIR}/${FRAMEWORKS_FOLDER_PATH}/Surge.framework",
			);
			runOnlyForDeploymentPostprocessing = 0;
			shellPath = /bin/sh;
			shellScript = "\"${SRCROOT}/Pods/Target Support Files/Pods-FoodTracker/Pods-FoodTracker-frameworks.sh\"\n";
			showEnvVarsInLog = 0;
		};
		4C9DD49E3D307592F1A60B9D /* [CP] Check Pods Manifest.lock */ = {
			isa = PBXShellScriptBuildPhase;
			buildActionMask = 2147483647;
			files = (
			);
			inputPaths = (
				"${PODS_PODFILE_DIR_PATH}/Podfile.lock",
				"${PODS_ROOT}/Manifest.lock",
			);
			name = "[CP] Check Pods Manifest.lock";
			outputPaths = (
				"$(DERIVED_FILE_DIR)/Pods-FoodTracker-checkManifestLockResult.txt",
			);
			runOnlyForDeploymentPostprocessing = 0;
			shellPath = /bin/sh;
			shellScript = "diff \"${PODS_PODFILE_DIR_PATH}/Podfile.lock\" \"${PODS_ROOT}/Manifest.lock\" > /dev/null\nif [ $? != 0 ] ; then\n    # print error to STDERR\n    echo \"error: The sandbox is not in sync with the Podfile.lock. Run 'pod install' or update your CocoaPods installation.\" >&2\n    exit 1\nfi\n# This output is used by Xcode 'outputs' to avoid re-running this script phase.\necho \"SUCCESS\" > \"${SCRIPT_OUTPUT_FILE_0}\"\n";
			showEnvVarsInLog = 0;
		};
/* End PBXShellScriptBuildPhase section */

/* Begin PBXSourcesBuildPhase section */
		A0F313FE1FCBD1B600EA83D8 /* Sources */ = {
			isa = PBXSourcesBuildPhase;
			buildActionMask = 2147483647;
			files = (
				A0F314081FCBD1B600EA83D8 /* ViewController.swift in Sources */,
				A0F314061FCBD1B600EA83D8 /* AppDelegate.swift in Sources */,
			);
			runOnlyForDeploymentPostprocessing = 0;
		};
		A0F314121FCBD1B600EA83D8 /* Sources */ = {
			isa = PBXSourcesBuildPhase;
			buildActionMask = 2147483647;
			files = (
				A0F3141B1FCBD1B600EA83D8 /* FoodTrackerTests.swift in Sources */,
			);
			runOnlyForDeploymentPostprocessing = 0;
		};
		A0F3141D1FCBD1B600EA83D8 /* Sources */ = {
			isa = PBXSourcesBuildPhase;
			buildActionMask = 2147483647;
			files = (
				A0F314261FCBD1B600EA83D8 /* FoodTrackerUITests.swift in Sources */,
			);
			runOnlyForDeploymentPostprocessing = 0;
		};
/* End PBXSourcesBuildPhase section */

/* Begin PBXTargetDependency section */
		A0F314181FCBD1B600EA83D8 /* PBXTargetDependency */ = {
			isa = PBXTargetDependency;
			target = A0F314011FCBD1B600EA83D8 /* FoodTracker */;
			targetProxy = A0F314171FCBD1B600EA83D8 /* PBXContainerItemProxy */;
		};
		A0F314231FCBD1B600EA83D8 /* PBXTargetDependency */ = {
			isa = PBXTargetDependency;
			target = A0F314011FCBD1B600EA83D8 /* FoodTracker */;
			targetProxy = A0F314221FCBD1B600EA83D8 /* PBXContainerItemProxy */;
		};
/* End PBXTargetDependency section */

/* Begin PBXVariantGroup section */
		A0F314091FCBD1B600EA83D8 /* Main.storyboard */ = {
			isa = PBXVariantGroup;
			children = (
				A0F3140A1FCBD1B600EA83D8 /* Base */,
			);
			name = Main.storyboard;
			sourceTree = "<group>";
		};
		A0F3140E1FCBD1B600EA83D8 /* LaunchScreen.storyboard */ = {
			isa = PBXVariantGroup;
			children = (
				A0F3140F1FCBD1B600EA83D8 /* Base */,
			);
			name = LaunchScreen.storyboard;
			sourceTree = "<group>";
		};
/* End PBXVariantGroup section */

/* Begin XCBuildConfiguration section */
		A0F314281FCBD1B600EA83D8 /* Debug */ = {
			isa = XCBuildConfiguration;
			buildSettings = {
				ALWAYS_SEARCH_USER_PATHS = NO;
				CLANG_ANALYZER_NONNULL = YES;
				CLANG_ANALYZER_NUMBER_OBJECT_CONVERSION = YES_AGGRESSIVE;
				CLANG_CXX_LANGUAGE_STANDARD = "gnu++14";
				CLANG_CXX_LIBRARY = "libc++";
				CLANG_ENABLE_MODULES = YES;
				CLANG_ENABLE_OBJC_ARC = YES;
				CLANG_WARN_BLOCK_CAPTURE_AUTORELEASING = YES;
				CLANG_WARN_BOOL_CONVERSION = YES;
				CLANG_WARN_COMMA = YES;
				CLANG_WARN_CONSTANT_CONVERSION = YES;
				CLANG_WARN_DIRECT_OBJC_ISA_USAGE = YES_ERROR;
				CLANG_WARN_DOCUMENTATION_COMMENTS = YES;
				CLANG_WARN_EMPTY_BODY = YES;
				CLANG_WARN_ENUM_CONVERSION = YES;
				CLANG_WARN_INFINITE_RECURSION = YES;
				CLANG_WARN_INT_CONVERSION = YES;
				CLANG_WARN_NON_LITERAL_NULL_CONVERSION = YES;
				CLANG_WARN_OBJC_LITERAL_CONVERSION = YES;
				CLANG_WARN_OBJC_ROOT_CLASS = YES_ERROR;
				CLANG_WARN_RANGE_LOOP_ANALYSIS = YES;
				CLANG_WARN_STRICT_PROTOTYPES = YES;
				CLANG_WARN_SUSPICIOUS_MOVE = YES;
				CLANG_WARN_UNGUARDED_AVAILABILITY = YES_AGGRESSIVE;
				CLANG_WARN_UNREACHABLE_CODE = YES;
				CLANG_WARN__DUPLICATE_METHOD_MATCH = YES;
				CODE_SIGN_IDENTITY = "iPhone Developer";
				COPY_PHASE_STRIP = NO;
				DEBUG_INFORMATION_FORMAT = dwarf;
				ENABLE_STRICT_OBJC_MSGSEND = YES;
				ENABLE_TESTABILITY = YES;
				GCC_C_LANGUAGE_STANDARD = gnu11;
				GCC_DYNAMIC_NO_PIC = NO;
				GCC_NO_COMMON_BLOCKS = YES;
				GCC_OPTIMIZATION_LEVEL = 0;
				GCC_PREPROCESSOR_DEFINITIONS = (
					"DEBUG=1",
					"$(inherited)",
				);
				GCC_WARN_64_TO_32_BIT_CONVERSION = YES;
				GCC_WARN_ABOUT_RETURN_TYPE = YES_ERROR;
				GCC_WARN_UNDECLARED_SELECTOR = YES;
				GCC_WARN_UNINITIALIZED_AUTOS = YES_AGGRESSIVE;
				GCC_WARN_UNUSED_FUNCTION = YES;
				GCC_WARN_UNUSED_VARIABLE = YES;
				IPHONEOS_DEPLOYMENT_TARGET = 11.1;
				MTL_ENABLE_DEBUG_INFO = YES;
				ONLY_ACTIVE_ARCH = YES;
				SDKROOT = iphoneos;
				SWIFT_ACTIVE_COMPILATION_CONDITIONS = DEBUG;
				SWIFT_OPTIMIZATION_LEVEL = "-Onone";
			};
			name = Debug;
		};
		A0F314291FCBD1B600EA83D8 /* Release */ = {
			isa = XCBuildConfiguration;
			buildSettings = {
				ALWAYS_SEARCH_USER_PATHS = NO;
				CLANG_ANALYZER_NONNULL = YES;
				CLANG_ANALYZER_NUMBER_OBJECT_CONVERSION = YES_AGGRESSIVE;
				CLANG_CXX_LANGUAGE_STANDARD = "gnu++14";
				CLANG_CXX_LIBRARY = "libc++";
				CLANG_ENABLE_MODULES = YES;
				CLANG_ENABLE_OBJC_ARC = YES;
				CLANG_WARN_BLOCK_CAPTURE_AUTORELEASING = YES;
				CLANG_WARN_BOOL_CONVERSION = YES;
				CLANG_WARN_COMMA = YES;
				CLANG_WARN_CONSTANT_CONVERSION = YES;
				CLANG_WARN_DIRECT_OBJC_ISA_USAGE = YES_ERROR;
				CLANG_WARN_DOCUMENTATION_COMMENTS = YES;
				CLANG_WARN_EMPTY_BODY = YES;
				CLANG_WARN_ENUM_CONVERSION = YES;
				CLANG_WARN_INFINITE_RECURSION = YES;
				CLANG_WARN_INT_CONVERSION = YES;
				CLANG_WARN_NON_LITERAL_NULL_CONVERSION = YES;
				CLANG_WARN_OBJC_LITERAL_CONVERSION = YES;
				CLANG_WARN_OBJC_ROOT_CLASS = YES_ERROR;
				CLANG_WARN_RANGE_LOOP_ANALYSIS = YES;
				CLANG_WARN_STRICT_PROTOTYPES = YES;
				CLANG_WARN_SUSPICIOUS_MOVE = YES;
				CLANG_WARN_UNGUARDED_AVAILABILITY = YES_AGGRESSIVE;
				CLANG_WARN_UNREACHABLE_CODE = YES;
				CLANG_WARN__DUPLICATE_METHOD_MATCH = YES;
				CODE_SIGN_IDENTITY = "iPhone Developer";
				COPY_PHASE_STRIP = NO;
				DEBUG_INFORMATION_FORMAT = "dwarf-with-dsym";
				ENABLE_NS_ASSERTIONS = NO;
				ENABLE_STRICT_OBJC_MSGSEND = YES;
				GCC_C_LANGUAGE_STANDARD = gnu11;
				GCC_NO_COMMON_BLOCKS = YES;
				GCC_WARN_64_TO_32_BIT_CONVERSION = YES;
				GCC_WARN_ABOUT_RETURN_TYPE = YES_ERROR;
				GCC_WARN_UNDECLARED_SELECTOR = YES;
				GCC_WARN_UNINITIALIZED_AUTOS = YES_AGGRESSIVE;
				GCC_WARN_UNUSED_FUNCTION = YES;
				GCC_WARN_UNUSED_VARIABLE = YES;
				IPHONEOS_DEPLOYMENT_TARGET = 11.1;
				MTL_ENABLE_DEBUG_INFO = NO;
				SDKROOT = iphoneos;
				SWIFT_OPTIMIZATION_LEVEL = "-Owholemodule";
				VALIDATE_PRODUCT = YES;
			};
			name = Release;
		};
		A0F3142B1FCBD1B600EA83D8 /* Debug */ = {
			isa = XCBuildConfiguration;
			baseConfigurationReference = FACDDC14EA2998F351FB9C11 /* Pods-FoodTracker.debug.xcconfig */;
			buildSettings = {
				ASSETCATALOG_COMPILER_APPICON_NAME = AppIcon;
				CODE_SIGN_STYLE = Automatic;
				DEVELOPMENT_TEAM = YSK337SDH4;
				INFOPLIST_FILE = FoodTracker/Info.plist;
				LD_RUNPATH_SEARCH_PATHS = "$(inherited) @executable_path/Frameworks";
				PRODUCT_BUNDLE_IDENTIFIER = "Jiabin-Zhu.FoodTracker";
				PRODUCT_NAME = "$(TARGET_NAME)";
				SWIFT_VERSION = 4.0;
				TARGETED_DEVICE_FAMILY = "1,2";
			};
			name = Debug;
		};
		A0F3142C1FCBD1B600EA83D8 /* Release */ = {
			isa = XCBuildConfiguration;
			baseConfigurationReference = 10F57016E4851688938A3BD6 /* Pods-FoodTracker.release.xcconfig */;
			buildSettings = {
				ASSETCATALOG_COMPILER_APPICON_NAME = AppIcon;
				CODE_SIGN_STYLE = Automatic;
				DEVELOPMENT_TEAM = YSK337SDH4;
				INFOPLIST_FILE = FoodTracker/Info.plist;
				LD_RUNPATH_SEARCH_PATHS = "$(inherited) @executable_path/Frameworks";
				PRODUCT_BUNDLE_IDENTIFIER = "Jiabin-Zhu.FoodTracker";
				PRODUCT_NAME = "$(TARGET_NAME)";
				SWIFT_VERSION = 4.0;
				TARGETED_DEVICE_FAMILY = "1,2";
			};
			name = Release;
		};
		A0F3142E1FCBD1B600EA83D8 /* Debug */ = {
			isa = XCBuildConfiguration;
			buildSettings = {
				ALWAYS_EMBED_SWIFT_STANDARD_LIBRARIES = YES;
				BUNDLE_LOADER = "$(TEST_HOST)";
				CODE_SIGN_STYLE = Automatic;
				INFOPLIST_FILE = FoodTrackerTests/Info.plist;
				LD_RUNPATH_SEARCH_PATHS = "$(inherited) @executable_path/Frameworks @loader_path/Frameworks";
				PRODUCT_BUNDLE_IDENTIFIER = "Jiabin-Zhu.FoodTrackerTests";
				PRODUCT_NAME = "$(TARGET_NAME)";
				SWIFT_VERSION = 4.0;
				TARGETED_DEVICE_FAMILY = "1,2";
				TEST_HOST = "$(BUILT_PRODUCTS_DIR)/FoodTracker.app/FoodTracker";
			};
			name = Debug;
		};
		A0F3142F1FCBD1B600EA83D8 /* Release */ = {
			isa = XCBuildConfiguration;
			buildSettings = {
				ALWAYS_EMBED_SWIFT_STANDARD_LIBRARIES = YES;
				BUNDLE_LOADER = "$(TEST_HOST)";
				CODE_SIGN_STYLE = Automatic;
				INFOPLIST_FILE = FoodTrackerTests/Info.plist;
				LD_RUNPATH_SEARCH_PATHS = "$(inherited) @executable_path/Frameworks @loader_path/Frameworks";
				PRODUCT_BUNDLE_IDENTIFIER = "Jiabin-Zhu.FoodTrackerTests";
				PRODUCT_NAME = "$(TARGET_NAME)";
				SWIFT_VERSION = 4.0;
				TARGETED_DEVICE_FAMILY = "1,2";
				TEST_HOST = "$(BUILT_PRODUCTS_DIR)/FoodTracker.app/FoodTracker";
			};
			name = Release;
		};
		A0F314311FCBD1B600EA83D8 /* Debug */ = {
			isa = XCBuildConfiguration;
			buildSettings = {
				ALWAYS_EMBED_SWIFT_STANDARD_LIBRARIES = YES;
				CODE_SIGN_STYLE = Automatic;
				INFOPLIST_FILE = FoodTrackerUITests/Info.plist;
				LD_RUNPATH_SEARCH_PATHS = "$(inherited) @executable_path/Frameworks @loader_path/Frameworks";
				PRODUCT_BUNDLE_IDENTIFIER = "Jiabin-Zhu.FoodTrackerUITests";
				PRODUCT_NAME = "$(TARGET_NAME)";
				SWIFT_VERSION = 4.0;
				TARGETED_DEVICE_FAMILY = "1,2";
				TEST_TARGET_NAME = FoodTracker;
			};
			name = Debug;
		};
		A0F314321FCBD1B600EA83D8 /* Release */ = {
			isa = XCBuildConfiguration;
			buildSettings = {
				ALWAYS_EMBED_SWIFT_STANDARD_LIBRARIES = YES;
				CODE_SIGN_STYLE = Automatic;
				INFOPLIST_FILE = FoodTrackerUITests/Info.plist;
				LD_RUNPATH_SEARCH_PATHS = "$(inherited) @executable_path/Frameworks @loader_path/Frameworks";
				PRODUCT_BUNDLE_IDENTIFIER = "Jiabin-Zhu.FoodTrackerUITests";
				PRODUCT_NAME = "$(TARGET_NAME)";
				SWIFT_VERSION = 4.0;
				TARGETED_DEVICE_FAMILY = "1,2";
				TEST_TARGET_NAME = FoodTracker;
			};
			name = Release;
		};
/* End XCBuildConfiguration section */

/* Begin XCConfigurationList section */
		A0F313FD1FCBD1B600EA83D8 /* Build configuration list for PBXProject "FoodTracker" */ = {
			isa = XCConfigurationList;
			buildConfigurations = (
				A0F314281FCBD1B600EA83D8 /* Debug */,
				A0F314291FCBD1B600EA83D8 /* Release */,
			);
			defaultConfigurationIsVisible = 0;
			defaultConfigurationName = Release;
		};
		A0F3142A1FCBD1B600EA83D8 /* Build configuration list for PBXNativeTarget "FoodTracker" */ = {
			isa = XCConfigurationList;
			buildConfigurations = (
				A0F3142B1FCBD1B600EA83D8 /* Debug */,
				A0F3142C1FCBD1B600EA83D8 /* Release */,
			);
			defaultConfigurationIsVisible = 0;
			defaultConfigurationName = Release;
		};
		A0F3142D1FCBD1B600EA83D8 /* Build configuration list for PBXNativeTarget "FoodTrackerTests" */ = {
			isa = XCConfigurationList;
			buildConfigurations = (
				A0F3142E1FCBD1B600EA83D8 /* Debug */,
				A0F3142F1FCBD1B600EA83D8 /* Release */,
			);
			defaultConfigurationIsVisible = 0;
			defaultConfigurationName = Release;
		};
		A0F314301FCBD1B600EA83D8 /* Build configuration list for PBXNativeTarget "FoodTrackerUITests" */ = {
			isa = XCConfigurationList;
			buildConfigurations = (
				A0F314311FCBD1B600EA83D8 /* Debug */,
				A0F314321FCBD1B600EA83D8 /* Release */,
			);
			defaultConfigurationIsVisible = 0;
			defaultConfigurationName = Release;
		};
/* End XCConfigurationList section */
	};
	rootObject = A0F313FA1FCBD1B600EA83D8 /* Project object */;
}
